
Microsoft Visual Studio Solution File, Format Version 12.00
# Visual Studio 15
Project("{FAE04EC0-301F-11D3-BF4B-00C04F79EFBC}") = "Assembly-CSharp", "Assembly-CSharp.csproj", "{C6A72469-CBF4-4128-60B3-A2D8B86F21F1}"
EndProject
Global
	GlobalSection(SolutionConfigurationPlatforms) = preSolution
		Debug|Any CPU = Debug|Any CPU
		Release|Any CPU = Release|Any CPU
	EndGlobalSection
	GlobalSection(ProjectConfigurationPlatforms) = postSolution
		{C6A72469-CBF4-4128-60B3-A2D8B86F21F1}.Debug|Any CPU.ActiveCfg = Debug|Any CPU
		{C6A72469-CBF4-4128-60B3-A2D8B86F21F1}.Debug|Any CPU.Build.0 = Debug|Any CPU
		{C6A72469-CBF4-4128-60B3-A2D8B86F21F1}.Release|Any CPU.ActiveCfg = Release|Any CPU
		{C6A72469-CBF4-4128-60B3-A2D8B86F21F1}.Release|Any CPU.Build.0 = Release|Any CPU
	EndGlobalSection
	GlobalSection(SolutionProperties) = preSolution
		HideSolutionNode = FALSE
	EndGlobalSection
EndGlobal
